"@babel/runtime@^7.10.2", "@babel/runtime@^7.16.3", "@babel/runtime@^7.16.7":
  version "7.17.0"
  resolved "https://registry.yarnpkg.com/@babel/runtime/-/runtime-7.17.0.tgz#b8d142fc0f7664fb3d9b5833fd40dcbab89276c0"
  dependencies:
    regenerator-runtime "^0.13.4"

"@cspotcode/source-map-consumer@0.8.0":
  version "0.8.0"
  resolved "https://registry.yarnpkg.com/@cspotcode/source-map-consumer/-/source-map-consumer-0.8.0.tgz#33bf4b7b39c178821606f669bbc447a6a629786b"

"@cspotcode/source-map-support@0.7.0":
  version "0.7.0"
  resolved "https://registry.yarnpkg.com/@cspotcode/source-map-support/-/source-map-support-0.7.0.tgz#4789840aa859e46d2f3173727ab707c66bf344f5"
  dependencies:
    "@cspotcode/source-map-consumer" "0.8.0"

"@noble/hashes@0.5.7":
  version "0.5.7"
  resolved "https://registry.yarnpkg.com/@noble/hashes/-/hashes-0.5.7.tgz#8605d84b34daf43d15c344fae54f0a1d5d5a4632"

"@noble/secp256k1@1.3.4":
  version "1.3.4"
  resolved "https://registry.yarnpkg.com/@noble/secp256k1/-/secp256k1-1.3.4.tgz#158ded712d09237c0d3428be60dc01ce8ebab9fb"

"@open-web3/orml-api-derive@^1.0.2-0":
  version "1.0.2-3"
  resolved "https://registry.yarnpkg.com/@open-web3/orml-api-derive/-/orml-api-derive-1.0.2-3.tgz#06e00bb1c7744f691959a3909ed7a8d38ef13a6c"
  dependencies:
    memoizee "^0.4.15"
    rxjs "^7.2.0"

"@open-web3/orml-type-definitions@1.0.2-3", "@open-web3/orml-type-definitions@^1.0.2-0":
  version "1.0.2-3"
  resolved "https://registry.yarnpkg.com/@open-web3/orml-type-definitions/-/orml-type-definitions-1.0.2-3.tgz#14de7906ace3bee5764168e01d59162292a65a61"
  dependencies:
    lodash.merge "^4.6.2"

"@open-web3/orml-types@^1.0.2-0":
  version "1.0.2-3"
  resolved "https://registry.yarnpkg.com/@open-web3/orml-types/-/orml-types-1.0.2-3.tgz#0ca7e9991f7d191035f8877c684fe3d267ba7878"
  dependencies:
    "@open-web3/orml-type-definitions" "1.0.2-3"

"@parallel-finance/api@^1.4.2":
  version "1.4.4"
  resolved "https://registry.yarnpkg.com/@parallel-finance/api/-/api-1.4.4.tgz#0b4773c5dabcf5602de38c5a2d54403abfb7148a"
  dependencies:
    "@open-web3/orml-api-derive" "^1.0.2-0"
    "@parallel-finance/types" "1.4.4"

"@parallel-finance/type-definitions@^1.4.4":
  version "1.4.4"
  resolved "https://registry.yarnpkg.com/@parallel-finance/type-definitions/-/type-definitions-1.4.4.tgz#6cdb85defaf57a4d1174cd2b98a7f12631d76548"
  dependencies:
    "@open-web3/orml-type-definitions" "^1.0.2-0"

"@parallel-finance/types@1.4.4":
  version "1.4.4"
  resolved "https://registry.yarnpkg.com/@parallel-finance/types/-/types-1.4.4.tgz#52f038f07585c8b6654f21dbf061245b833b55c0"
  dependencies:
    "@babel/runtime" "^7.10.2"
    "@open-web3/orml-types" "^1.0.2-0"
    "@parallel-finance/type-definitions" "^1.4.4"

"@polkadot/api-derive@6.12.1":
  version "6.12.1"
  resolved "https://registry.yarnpkg.com/@polkadot/api-derive/-/api-derive-6.12.1.tgz#f5356104d4cb1bed8f0dcac32afc4b0a5c05c232"
  dependencies:
    "@babel/runtime" "^7.16.3"
    "@polkadot/api" "6.12.1"
    "@polkadot/rpc-core" "6.12.1"
    "@polkadot/types" "6.12.1"
    "@polkadot/util" "^8.1.2"
    "@polkadot/util-crypto" "^8.1.2"
    rxjs "^7.4.0"

"@polkadot/api@6.12.1", "@polkadot/api@^6.3.1":
  version "6.12.1"
  resolved "https://registry.yarnpkg.com/@polkadot/api/-/api-6.12.1.tgz#685a2727eb532fdacd9b86f9ddf595d58be71ee4"
  dependencies:
    "@babel/runtime" "^7.16.3"
    "@polkadot/api-derive" "6.12.1"
    "@polkadot/keyring" "^8.1.2"
    "@polkadot/rpc-core" "6.12.1"
    "@polkadot/rpc-provider" "6.12.1"
    "@polkadot/types" "6.12.1"
    "@polkadot/types-known" "6.12.1"
    "@polkadot/util" "^8.1.2"
    "@polkadot/util-crypto" "^8.1.2"
    eventemitter3 "^4.0.7"
    rxjs "^7.4.0"

"@polkadot/keyring@^7.5.1":
  version "7.9.2"
  resolved "https://registry.yarnpkg.com/@polkadot/keyring/-/keyring-7.9.2.tgz#1f5bf6b7bdb5942d275aebf72d4ed98abe874fa8"
  dependencies:
    "@babel/runtime" "^7.16.3"
    "@polkadot/util" "7.9.2"
    "@polkadot/util-crypto" "7.9.2"

"@polkadot/keyring@^8.1.2":
  version "8.3.3"
  resolved "https://registry.yarnpkg.com/@polkadot/keyring/-/keyring-8.3.3.tgz#931c809f9a3b092231b2d319007e02e64bec8f21"
  dependencies:
    "@babel/runtime" "^7.16.7"
    "@polkadot/util" "8.3.3"
    "@polkadot/util-crypto" "8.3.3"

"@polkadot/networks@7.9.2":
  version "7.9.2"
  resolved "https://registry.yarnpkg.com/@polkadot/networks/-/networks-7.9.2.tgz#03e3f3ac6bdea177517436537826055df60bcb9a"
  dependencies:
    "@babel/runtime" "^7.16.3"

"@polkadot/networks@8.3.3", "@polkadot/networks@^8.1.2":
  version "8.3.3"
  resolved "https://registry.yarnpkg.com/@polkadot/networks/-/networks-8.3.3.tgz#2def73213451f12bc940b0c9ce8942aebbe5d4a8"
  dependencies:
    "@babel/runtime" "^7.16.7"
    "@polkadot/util" "8.3.3"

"@polkadot/rpc-core@6.12.1", "@polkadot/rpc-core@^6.3.1":
  version "6.12.1"
  resolved "https://registry.yarnpkg.com/@polkadot/rpc-core/-/rpc-core-6.12.1.tgz#b5d65589349a0db6edb25fdfd141707a3a5698fa"
  dependencies:
    "@babel/runtime" "^7.16.3"
    "@polkadot/rpc-provider" "6.12.1"
    "@polkadot/types" "6.12.1"
    "@polkadot/util" "^8.1.2"
    rxjs "^7.4.0"

"@polkadot/rpc-provider@6.12.1":
  version "6.12.1"
  resolved "https://registry.yarnpkg.com/@polkadot/rpc-provider/-/rpc-provider-6.12.1.tgz#1b5b7ceffefa8735010b61ace04f3eece6145622"
  dependencies:
    "@babel/runtime" "^7.16.3"
    "@polkadot/types" "6.12.1"
    "@polkadot/util" "^8.1.2"
    "@polkadot/util-crypto" "^8.1.2"
    "@polkadot/x-fetch" "^8.1.2"
    "@polkadot/x-global" "^8.1.2"
    "@polkadot/x-ws" "^8.1.2"
    eventemitter3 "^4.0.7"

"@polkadot/types-known@6.12.1":
  version "6.12.1"
  resolved "https://registry.yarnpkg.com/@polkadot/types-known/-/types-known-6.12.1.tgz#2dd3ca4e4aa20b86ef182eb75672690f8c14a84e"
  dependencies:
    "@babel/runtime" "^7.16.3"
    "@polkadot/networks" "^8.1.2"
    "@polkadot/types" "6.12.1"
    "@polkadot/util" "^8.1.2"

"@polkadot/types@6.12.1", "@polkadot/types@^6.3.1":
  version "6.12.1"
  resolved "https://registry.yarnpkg.com/@polkadot/types/-/types-6.12.1.tgz#e5d6dff997740c3da947fa67abe2e1ec144c4757"
  dependencies:
    "@babel/runtime" "^7.16.3"
    "@polkadot/types-known" "6.12.1"
    "@polkadot/util" "^8.1.2"
    "@polkadot/util-crypto" "^8.1.2"
    rxjs "^7.4.0"

"@polkadot/util-crypto@7.9.2", "@polkadot/util-crypto@^7.5.1":
  version "7.9.2"
  resolved "https://registry.yarnpkg.com/@polkadot/util-crypto/-/util-crypto-7.9.2.tgz#cdc336f92a6bc3d40c5a23734e1974fb777817f0"
  dependencies:
    "@babel/runtime" "^7.16.3"
    "@polkadot/networks" "7.9.2"
    "@polkadot/util" "7.9.2"
    "@polkadot/wasm-crypto" "^4.4.1"
    "@polkadot/x-randomvalues" "7.9.2"
    blakejs "^1.1.1"
    bn.js "^4.12.0"
    create-hash "^1.2.0"
    ed2curve "^0.3.0"
    elliptic "^6.5.4"
    hash.js "^1.1.7"
    js-sha3 "^0.8.0"
    micro-base "^0.9.0"
    scryptsy "^2.1.0"
    tweetnacl "^1.0.3"
    xxhashjs "^0.2.2"

"@polkadot/util-crypto@8.3.3", "@polkadot/util-crypto@^8.1.2":
  version "8.3.3"
  resolved "https://registry.yarnpkg.com/@polkadot/util-crypto/-/util-crypto-8.3.3.tgz#684a04c26bd390a150e83fe34840d9e219a22d24"
  dependencies:
    "@babel/runtime" "^7.16.7"
    "@noble/hashes" "0.5.7"
    "@noble/secp256k1" "1.3.4"
    "@polkadot/networks" "8.3.3"
    "@polkadot/util" "8.3.3"
    "@polkadot/wasm-crypto" "^4.5.1"
    "@polkadot/x-bigint" "8.3.3"
    "@polkadot/x-randomvalues" "8.3.3"
    ed2curve "^0.3.0"
    micro-base "^0.10.2"
    tweetnacl "^1.0.3"

"@polkadot/util@7.9.2", "@polkadot/util@^7.5.1":
  version "7.9.2"
  resolved "https://registry.yarnpkg.com/@polkadot/util/-/util-7.9.2.tgz#567ac659516d6b685ed7e796919901d92e5cbe6b"
  dependencies:
    "@babel/runtime" "^7.16.3"
    "@polkadot/x-textdecoder" "7.9.2"
    "@polkadot/x-textencoder" "7.9.2"
    "@types/bn.js" "^4.11.6"
    bn.js "^4.12.0"
    camelcase "^6.2.1"
    ip-regex "^4.3.0"

"@polkadot/util@8.3.3", "@polkadot/util@^8.1.2":
  version "8.3.3"
  resolved "https://registry.yarnpkg.com/@polkadot/util/-/util-8.3.3.tgz#0bd79f771a82a8276b0ca0e713068d23ee53abf2"
  dependencies:
    "@babel/runtime" "^7.16.7"
    "@polkadot/x-bigint" "8.3.3"
    "@polkadot/x-global" "8.3.3"
    "@polkadot/x-textdecoder" "8.3.3"
    "@polkadot/x-textencoder" "8.3.3"
    "@types/bn.js" "^4.11.6"
    bn.js "^4.12.0"
    ip-regex "^4.3.0"

"@polkadot/wasm-crypto-asmjs@^4.5.1":
  version "4.5.1"
  resolved "https://registry.yarnpkg.com/@polkadot/wasm-crypto-asmjs/-/wasm-crypto-asmjs-4.5.1.tgz#e1025a49e106db11d1187caf65f56c960ea2ad2b"
  dependencies:
    "@babel/runtime" "^7.16.3"

"@polkadot/wasm-crypto-wasm@^4.5.1":
  version "4.5.1"
  resolved "https://registry.yarnpkg.com/@polkadot/wasm-crypto-wasm/-/wasm-crypto-wasm-4.5.1.tgz#063a58ff7ddd939b7886a6a238109a8d2c416e46"
  dependencies:
    "@babel/runtime" "^7.16.3"

"@polkadot/wasm-crypto@^4.4.1", "@polkadot/wasm-crypto@^4.5.1":
  version "4.5.1"
  resolved "https://registry.yarnpkg.com/@polkadot/wasm-crypto/-/wasm-crypto-4.5.1.tgz#e1ac6d846a0ad8e991cec128994524183ef6e8fd"
  dependencies:
    "@babel/runtime" "^7.16.3"
    "@polkadot/wasm-crypto-asmjs" "^4.5.1"
    "@polkadot/wasm-crypto-wasm" "^4.5.1"

"@polkadot/x-bigint@8.3.3":
  version "8.3.3"
  resolved "https://registry.yarnpkg.com/@polkadot/x-bigint/-/x-bigint-8.3.3.tgz#3787c4cbfc996bda05c342a80c04bd58a1beaf4b"
  dependencies:
    "@babel/runtime" "^7.16.7"
    "@polkadot/x-global" "8.3.3"

"@polkadot/x-fetch@^8.1.2":
  version "8.3.3"
  resolved "https://registry.yarnpkg.com/@polkadot/x-fetch/-/x-fetch-8.3.3.tgz#8c81b928868efd573219c231b25f0bcc38107a1b"
  dependencies:
    "@babel/runtime" "^7.16.7"
    "@polkadot/x-global" "8.3.3"
    "@types/node-fetch" "^2.5.12"
    node-fetch "^2.6.7"

"@polkadot/x-global@7.9.2":
  version "7.9.2"
  resolved "https://registry.yarnpkg.com/@polkadot/x-global/-/x-global-7.9.2.tgz#b272b0a3bedaad3bcbf075ec4682abe68cf2a850"
  dependencies:
    "@babel/runtime" "^7.16.3"

"@polkadot/x-global@8.3.3", "@polkadot/x-global@^8.1.2":
  version "8.3.3"
  resolved "https://registry.yarnpkg.com/@polkadot/x-global/-/x-global-8.3.3.tgz#ee2f4a0acd46626bc04174e1bf966478a2feef94"
  dependencies:
    "@babel/runtime" "^7.16.7"

"@polkadot/x-randomvalues@7.9.2":
  version "7.9.2"
  resolved "https://registry.yarnpkg.com/@polkadot/x-randomvalues/-/x-randomvalues-7.9.2.tgz#0c9bb7b48a0791c2a32e9605a31a5ce56fee621d"
  dependencies:
    "@babel/runtime" "^7.16.3"
    "@polkadot/x-global" "7.9.2"

"@polkadot/x-randomvalues@8.3.3":
  version "8.3.3"
  resolved "https://registry.yarnpkg.com/@polkadot/x-randomvalues/-/x-randomvalues-8.3.3.tgz#29f855d903fdcac1cb42cacbbc85ca5db7eaccd8"
  dependencies:
    "@babel/runtime" "^7.16.7"
    "@polkadot/x-global" "8.3.3"

"@polkadot/x-textdecoder@7.9.2":
  version "7.9.2"
  resolved "https://registry.yarnpkg.com/@polkadot/x-textdecoder/-/x-textdecoder-7.9.2.tgz#a78548e33efeb3a25f761fec9787b2bcae7f0608"
  dependencies:
    "@babel/runtime" "^7.16.3"
    "@polkadot/x-global" "7.9.2"

"@polkadot/x-textdecoder@8.3.3":
  version "8.3.3"
  resolved "https://registry.yarnpkg.com/@polkadot/x-textdecoder/-/x-textdecoder-8.3.3.tgz#d2ef1c63c712f015489025eb95e01a466a5614a7"
  dependencies:
    "@babel/runtime" "^7.16.7"
    "@polkadot/x-global" "8.3.3"

"@polkadot/x-textencoder@7.9.2":
  version "7.9.2"
  resolved "https://registry.yarnpkg.com/@polkadot/x-textencoder/-/x-textencoder-7.9.2.tgz#b32bfd6fbff8587c56452f58252a52d62bbcd5b9"
  dependencies:
    "@babel/runtime" "^7.16.3"
    "@polkadot/x-global" "7.9.2"

"@polkadot/x-textencoder@8.3.3":
  version "8.3.3"
  resolved "https://registry.yarnpkg.com/@polkadot/x-textencoder/-/x-textencoder-8.3.3.tgz#f59bf164fcd5ca9899c61065f36911cabec7c9f8"
  dependencies:
    "@babel/runtime" "^7.16.7"
    "@polkadot/x-global" "8.3.3"

"@polkadot/x-ws@^8.1.2":
  version "8.3.3"
  resolved "https://registry.yarnpkg.com/@polkadot/x-ws/-/x-ws-8.3.3.tgz#ab06d87637cb9b86fa341cc95e52f06cc4265d74"
  dependencies:
    "@babel/runtime" "^7.16.7"
    "@polkadot/x-global" "8.3.3"
    "@types/websocket" "^1.0.4"
    websocket "^1.0.34"

"@tsconfig/node10@^1.0.7":
  version "1.0.8"
  resolved "https://registry.yarnpkg.com/@tsconfig/node10/-/node10-1.0.8.tgz#c1e4e80d6f964fbecb3359c43bd48b40f7cadad9"

"@tsconfig/node12@^1.0.7":
  version "1.0.9"
  resolved "https://registry.yarnpkg.com/@tsconfig/node12/-/node12-1.0.9.tgz#62c1f6dee2ebd9aead80dc3afa56810e58e1a04c"

"@tsconfig/node14@^1.0.0":
  version "1.0.1"
  resolved "https://registry.yarnpkg.com/@tsconfig/node14/-/node14-1.0.1.tgz#95f2d167ffb9b8d2068b0b235302fafd4df711f2"

"@tsconfig/node16@^1.0.2":
  version "1.0.2"
  resolved "https://registry.yarnpkg.com/@tsconfig/node16/-/node16-1.0.2.tgz#423c77877d0569db20e1fc80885ac4118314010e"

"@types/bn.js@^4.11.6":
  version "4.11.6"
  resolved "https://registry.yarnpkg.com/@types/bn.js/-/bn.js-4.11.6.tgz#c306c70d9358aaea33cd4eda092a742b9505967c"
  dependencies:
    "@types/node" "*"

"@types/glob@*":
  version "7.2.0"
  resolved "https://registry.yarnpkg.com/@types/glob/-/glob-7.2.0.tgz#bc1b5bf3aa92f25bd5dd39f35c57361bdce5b2eb"
  dependencies:
    "@types/minimatch" "*"
    "@types/node" "*"

"@types/minimatch@*":
  version "3.0.5"
  resolved "https://registry.yarnpkg.com/@types/minimatch/-/minimatch-3.0.5.tgz#1001cc5e6a3704b83c236027e77f2f58ea010f40"

"@types/node-fetch@^2.5.12":
  version "2.5.12"
  resolved "https://registry.yarnpkg.com/@types/node-fetch/-/node-fetch-2.5.12.tgz#8a6f779b1d4e60b7a57fb6fd48d84fb545b9cc66"
  dependencies:
    "@types/node" "*"
    form-data "^3.0.0"

"@types/node@*":
  version "17.0.15"
  resolved "https://registry.yarnpkg.com/@types/node/-/node-17.0.15.tgz#97779282c09c09577120a2162e71d8380003590a"

"@types/node@^16.7.10":
  version "16.11.22"
  resolved "https://registry.yarnpkg.com/@types/node/-/node-16.11.22.tgz#e704150225bfc4195f8ce68a7ac8da02b753549a"

"@types/shelljs@^0.8.9":
  version "0.8.11"
  resolved "https://registry.yarnpkg.com/@types/shelljs/-/shelljs-0.8.11.tgz#17a5696c825974e96828e96e89585d685646fcb8"
  dependencies:
    "@types/glob" "*"
    "@types/node" "*"

"@types/websocket@^1.0.4":
  version "1.0.5"
  resolved "https://registry.yarnpkg.com/@types/websocket/-/websocket-1.0.5.tgz#3fb80ed8e07f88e51961211cd3682a3a4a81569c"
  dependencies:
    "@types/node" "*"

acorn-walk@^8.1.1:
  version "8.2.0"
  resolved "https://registry.yarnpkg.com/acorn-walk/-/acorn-walk-8.2.0.tgz#741210f2e2426454508853a2f44d0ab83b7f69c1"

acorn@^8.4.1:
  version "8.7.0"
  resolved "https://registry.yarnpkg.com/acorn/-/acorn-8.7.0.tgz#90951fde0f8f09df93549481e5fc141445b791cf"

arg@^4.1.0:
  version "4.1.3"
  resolved "https://registry.yarnpkg.com/arg/-/arg-4.1.3.tgz#269fc7ad5b8e42cb63c896d5666017261c144089"

asynckit@^0.4.0:
  version "0.4.0"
  resolved "https://registry.yarnpkg.com/asynckit/-/asynckit-0.4.0.tgz#c79ed97f7f34cb8f2ba1bc9790bcc366474b4b79"

balanced-match@^1.0.0:
  version "1.0.2"
  resolved "https://registry.yarnpkg.com/balanced-match/-/balanced-match-1.0.2.tgz#e83e3a7e3f300b34cb9d87f615fa0cbf357690ee"

blakejs@^1.1.1:
  version "1.1.1"
  resolved "https://registry.yarnpkg.com/blakejs/-/blakejs-1.1.1.tgz#bf313053978b2cd4c444a48795710be05c785702"

bn.js@^4.11.9, bn.js@^4.12.0:
  version "4.12.0"
  resolved "https://registry.yarnpkg.com/bn.js/-/bn.js-4.12.0.tgz#775b3f278efbb9718eec7361f483fb36fbbfea88"

brace-expansion@^1.1.7:
  version "1.1.11"
  resolved "https://registry.yarnpkg.com/brace-expansion/-/brace-expansion-1.1.11.tgz#3c7fcbf529d87226f3d2f52b966ff5271eb441dd"
  dependencies:
    balanced-match "^1.0.0"
    concat-map "0.0.1"

brorand@^1.1.0:
  version "1.1.0"
  resolved "https://registry.yarnpkg.com/brorand/-/brorand-1.1.0.tgz#12c25efe40a45e3c323eb8675a0a0ce57b22371f"

bufferutil@^4.0.1:
  version "4.0.6"
  resolved "https://registry.yarnpkg.com/bufferutil/-/bufferutil-4.0.6.tgz#ebd6c67c7922a0e902f053e5d8be5ec850e48433"
  dependencies:
    node-gyp-build "^4.3.0"

camelcase@^6.2.1:
  version "6.3.0"
  resolved "https://registry.yarnpkg.com/camelcase/-/camelcase-6.3.0.tgz#5685b95eb209ac9c0c177467778c9c84df58ba9a"

cipher-base@^1.0.1:
  version "1.0.4"
  resolved "https://registry.yarnpkg.com/cipher-base/-/cipher-base-1.0.4.tgz#8760e4ecc272f4c363532f926d874aae2c1397de"
  dependencies:
    inherits "^2.0.1"
    safe-buffer "^5.0.1"

combined-stream@^1.0.8:
  version "1.0.8"
  resolved "https://registry.yarnpkg.com/combined-stream/-/combined-stream-1.0.8.tgz#c3d45a8b34fd730631a110a8a2520682b31d5a7f"
  dependencies:
    delayed-stream "~1.0.0"

concat-map@0.0.1:
  version "0.0.1"
  resolved "https://registry.yarnpkg.com/concat-map/-/concat-map-0.0.1.tgz#d8a96bd77fd68df7793a73036a3ba0d5405d477b"

create-hash@^1.2.0:
  version "1.2.0"
  resolved "https://registry.yarnpkg.com/create-hash/-/create-hash-1.2.0.tgz#889078af11a63756bcfb59bd221996be3a9ef196"
  dependencies:
    cipher-base "^1.0.1"
    inherits "^2.0.1"
    md5.js "^1.3.4"
    ripemd160 "^2.0.1"
    sha.js "^2.4.0"

create-require@^1.1.0:
  version "1.1.1"
  resolved "https://registry.yarnpkg.com/create-require/-/create-require-1.1.1.tgz#c1d7e8f1e5f6cfc9ff65f9cd352d37348756c333"

cuint@^0.2.2:
  version "0.2.2"
  resolved "https://registry.yarnpkg.com/cuint/-/cuint-0.2.2.tgz#408086d409550c2631155619e9fa7bcadc3b991b"

d@1, d@^1.0.1:
  version "1.0.1"
  resolved "https://registry.yarnpkg.com/d/-/d-1.0.1.tgz#8698095372d58dbee346ffd0c7093f99f8f9eb5a"
  dependencies:
    es5-ext "^0.10.50"
    type "^1.0.1"

debug@^2.2.0:
  version "2.6.9"
  resolved "https://registry.yarnpkg.com/debug/-/debug-2.6.9.tgz#5d128515df134ff327e90a4c93f4e077a536341f"
  dependencies:
    ms "2.0.0"

delayed-stream@~1.0.0:
  version "1.0.0"
  resolved "https://registry.yarnpkg.com/delayed-stream/-/delayed-stream-1.0.0.tgz#df3ae199acadfb7d440aaae0b29e2272b24ec619"

diff@^4.0.1:
  version "4.0.2"
  resolved "https://registry.yarnpkg.com/diff/-/diff-4.0.2.tgz#60f3aecb89d5fae520c11aa19efc2bb982aade7d"

dotenv@^10.0.0:
  version "10.0.0"
  resolved "https://registry.yarnpkg.com/dotenv/-/dotenv-10.0.0.tgz#3d4227b8fb95f81096cdd2b66653fb2c7085ba81"

ed2curve@^0.3.0:
  version "0.3.0"
  resolved "https://registry.yarnpkg.com/ed2curve/-/ed2curve-0.3.0.tgz#322b575152a45305429d546b071823a93129a05d"
  dependencies:
    tweetnacl "1.x.x"

elliptic@^6.5.4:
  version "6.5.4"
  resolved "https://registry.yarnpkg.com/elliptic/-/elliptic-6.5.4.tgz#da37cebd31e79a1367e941b592ed1fbebd58abbb"
  dependencies:
    bn.js "^4.11.9"
    brorand "^1.1.0"
    hash.js "^1.0.0"
    hmac-drbg "^1.0.1"
    inherits "^2.0.4"
    minimalistic-assert "^1.0.1"
    minimalistic-crypto-utils "^1.0.1"

es5-ext@^0.10.35, es5-ext@^0.10.46, es5-ext@^0.10.50, es5-ext@^0.10.53, es5-ext@~0.10.14, es5-ext@~0.10.2, es5-ext@~0.10.46:
  version "0.10.53"
  resolved "https://registry.yarnpkg.com/es5-ext/-/es5-ext-0.10.53.tgz#93c5a3acfdbef275220ad72644ad02ee18368de1"
  dependencies:
    es6-iterator "~2.0.3"
    es6-symbol "~3.1.3"
    next-tick "~1.0.0"

es6-iterator@^2.0.3, es6-iterator@~2.0.3:
  version "2.0.3"
  resolved "https://registry.yarnpkg.com/es6-iterator/-/es6-iterator-2.0.3.tgz#a7de889141a05a94b0854403b2d0a0fbfa98f3b7"
  dependencies:
    d "1"
    es5-ext "^0.10.35"
    es6-symbol "^3.1.1"

es6-symbol@^3.1.1, es6-symbol@~3.1.3:
  version "3.1.3"
  resolved "https://registry.yarnpkg.com/es6-symbol/-/es6-symbol-3.1.3.tgz#bad5d3c1bcdac28269f4cb331e431c78ac705d18"
  dependencies:
    d "^1.0.1"
    ext "^1.1.2"

es6-weak-map@^2.0.3:
  version "2.0.3"
  resolved "https://registry.yarnpkg.com/es6-weak-map/-/es6-weak-map-2.0.3.tgz#b6da1f16cc2cc0d9be43e6bdbfc5e7dfcdf31d53"
  dependencies:
    d "1"
    es5-ext "^0.10.46"
    es6-iterator "^2.0.3"
    es6-symbol "^3.1.1"

event-emitter@^0.3.5:
  version "0.3.5"
  resolved "https://registry.yarnpkg.com/event-emitter/-/event-emitter-0.3.5.tgz#df8c69eef1647923c7157b9ce83840610b02cc39"
  dependencies:
    d "1"
    es5-ext "~0.10.14"

eventemitter3@^4.0.7:
  version "4.0.7"
  resolved "https://registry.yarnpkg.com/eventemitter3/-/eventemitter3-4.0.7.tgz#2de9b68f6528d5644ef5c59526a1b4a07306169f"

ext@^1.1.2:
  version "1.6.0"
  resolved "https://registry.yarnpkg.com/ext/-/ext-1.6.0.tgz#3871d50641e874cc172e2b53f919842d19db4c52"
  dependencies:
    type "^2.5.0"

form-data@^3.0.0:
  version "3.0.1"
  resolved "https://registry.yarnpkg.com/form-data/-/form-data-3.0.1.tgz#ebd53791b78356a99af9a300d4282c4d5eb9755f"
  dependencies:
    asynckit "^0.4.0"
    combined-stream "^1.0.8"
    mime-types "^2.1.12"

fs.realpath@^1.0.0:
  version "1.0.0"
  resolved "https://registry.yarnpkg.com/fs.realpath/-/fs.realpath-1.0.0.tgz#1504ad2523158caa40db4a2787cb01411994ea4f"

function-bind@^1.1.1:
  version "1.1.1"
  resolved "https://registry.yarnpkg.com/function-bind/-/function-bind-1.1.1.tgz#a56899d3ea3c9bab874bb9773b7c5ede92f4895d"

glob@^7.0.0:
  version "7.2.0"
  resolved "https://registry.yarnpkg.com/glob/-/glob-7.2.0.tgz#d15535af7732e02e948f4c41628bd910293f6023"
  dependencies:
    fs.realpath "^1.0.0"
    inflight "^1.0.4"
    inherits "2"
    minimatch "^3.0.4"
    once "^1.3.0"
    path-is-absolute "^1.0.0"

has@^1.0.3:
  version "1.0.3"
  resolved "https://registry.yarnpkg.com/has/-/has-1.0.3.tgz#722d7cbfc1f6aa8241f16dd814e011e1f41e8796"
  dependencies:
    function-bind "^1.1.1"

hash-base@^3.0.0:
  version "3.1.0"
  resolved "https://registry.yarnpkg.com/hash-base/-/hash-base-3.1.0.tgz#55c381d9e06e1d2997a883b4a3fddfe7f0d3af33"
  dependencies:
    inherits "^2.0.4"
    readable-stream "^3.6.0"
    safe-buffer "^5.2.0"

hash.js@^1.0.0, hash.js@^1.0.3, hash.js@^1.1.7:
  version "1.1.7"
  resolved "https://registry.yarnpkg.com/hash.js/-/hash.js-1.1.7.tgz#0babca538e8d4ee4a0f8988d68866537a003cf42"
  dependencies:
    inherits "^2.0.3"
    minimalistic-assert "^1.0.1"

hmac-drbg@^1.0.1:
  version "1.0.1"
  resolved "https://registry.yarnpkg.com/hmac-drbg/-/hmac-drbg-1.0.1.tgz#d2745701025a6c775a6c545793ed502fc0c649a1"
  dependencies:
    hash.js "^1.0.3"
    minimalistic-assert "^1.0.0"
    minimalistic-crypto-utils "^1.0.1"

inflight@^1.0.4:
  version "1.0.6"
  resolved "https://registry.yarnpkg.com/inflight/-/inflight-1.0.6.tgz#49bd6331d7d02d0c09bc910a1075ba8165b56df9"
  dependencies:
    once "^1.3.0"
    wrappy "1"

inherits@2, inherits@^2.0.1, inherits@^2.0.3, inherits@^2.0.4:
  version "2.0.4"
  resolved "https://registry.yarnpkg.com/inherits/-/inherits-2.0.4.tgz#0fa2c64f932917c3433a0ded55363aae37416b7c"

interpret@^1.0.0:
  version "1.4.0"
  resolved "https://registry.yarnpkg.com/interpret/-/interpret-1.4.0.tgz#665ab8bc4da27a774a40584e812e3e0fa45b1a1e"

ip-regex@^4.3.0:
  version "4.3.0"
  resolved "https://registry.yarnpkg.com/ip-regex/-/ip-regex-4.3.0.tgz#687275ab0f57fa76978ff8f4dddc8a23d5990db5"

is-core-module@^2.8.1:
  version "2.8.1"
  resolved "https://registry.yarnpkg.com/is-core-module/-/is-core-module-2.8.1.tgz#f59fdfca701d5879d0a6b100a40aa1560ce27211"
  dependencies:
    has "^1.0.3"

is-promise@^2.2.2:
  version "2.2.2"
  resolved "https://registry.yarnpkg.com/is-promise/-/is-promise-2.2.2.tgz#39ab959ccbf9a774cf079f7b40c7a26f763135f1"

is-typedarray@^1.0.0:
  version "1.0.0"
  resolved "https://registry.yarnpkg.com/is-typedarray/-/is-typedarray-1.0.0.tgz#e479c80858df0c1b11ddda6940f96011fcda4a9a"

js-sha3@^0.8.0:
  version "0.8.0"
  resolved "https://registry.yarnpkg.com/js-sha3/-/js-sha3-0.8.0.tgz#b9b7a5da73afad7dedd0f8c463954cbde6818840"

lodash.merge@^4.6.2:
  version "4.6.2"
  resolved "https://registry.yarnpkg.com/lodash.merge/-/lodash.merge-4.6.2.tgz#558aa53b43b661e1925a0afdfa36a9a1085fe57a"

lru-queue@^0.1.0:
  version "0.1.0"
  resolved "https://registry.yarnpkg.com/lru-queue/-/lru-queue-0.1.0.tgz#2738bd9f0d3cf4f84490c5736c48699ac632cda3"
  dependencies:
    es5-ext "~0.10.2"

make-error@^1.1.1:
  version "1.3.6"
  resolved "https://registry.yarnpkg.com/make-error/-/make-error-1.3.6.tgz#2eb2e37ea9b67c4891f684a1394799af484cf7a2"

md5.js@^1.3.4:
  version "1.3.5"
  resolved "https://registry.yarnpkg.com/md5.js/-/md5.js-1.3.5.tgz#b5d07b8e3216e3e27cd728d72f70d1e6a342005f"
  dependencies:
    hash-base "^3.0.0"
    inherits "^2.0.1"
    safe-buffer "^5.1.2"

memoizee@^0.4.15:
  version "0.4.15"
  resolved "https://registry.yarnpkg.com/memoizee/-/memoizee-0.4.15.tgz#e6f3d2da863f318d02225391829a6c5956555b72"
  dependencies:
    d "^1.0.1"
    es5-ext "^0.10.53"
    es6-weak-map "^2.0.3"
    event-emitter "^0.3.5"
    is-promise "^2.2.2"
    lru-queue "^0.1.0"
    next-tick "^1.1.0"
    timers-ext "^0.1.7"

micro-base@^0.10.2:
  version "0.10.2"
  resolved "https://registry.yarnpkg.com/micro-base/-/micro-base-0.10.2.tgz#f6f9f0bd949ce511883e5a99f9147d80ddc32f5a"

micro-base@^0.9.0:
  version "0.9.0"
  resolved "https://registry.yarnpkg.com/micro-base/-/micro-base-0.9.0.tgz#09cfe20285bec0ea97f41dc3d10e3fba3d0266ee"

mime-db@1.51.0:
  version "1.51.0"
  resolved "https://registry.yarnpkg.com/mime-db/-/mime-db-1.51.0.tgz#d9ff62451859b18342d960850dc3cfb77e63fb0c"

mime-types@^2.1.12:
  version "2.1.34"
  resolved "https://registry.yarnpkg.com/mime-types/-/mime-types-2.1.34.tgz#5a712f9ec1503511a945803640fafe09d3793c24"
  dependencies:
    mime-db "1.51.0"

minimalistic-assert@^1.0.0, minimalistic-assert@^1.0.1:
  version "1.0.1"
  resolved "https://registry.yarnpkg.com/minimalistic-assert/-/minimalistic-assert-1.0.1.tgz#2e194de044626d4a10e7f7fbc00ce73e83e4d5c7"

minimalistic-crypto-utils@^1.0.1:
  version "1.0.1"
  resolved "https://registry.yarnpkg.com/minimalistic-crypto-utils/-/minimalistic-crypto-utils-1.0.1.tgz#f6c00c1c0b082246e5c4d99dfb8c7c083b2b582a"

minimatch@^3.0.4:
  version "3.0.4"
  resolved "https://registry.yarnpkg.com/minimatch/-/minimatch-3.0.4.tgz#5166e286457f03306064be5497e8dbb0c3d32083"
  dependencies:
    brace-expansion "^1.1.7"

ms@2.0.0:
  version "2.0.0"
  resolved "https://registry.yarnpkg.com/ms/-/ms-2.0.0.tgz#5608aeadfc00be6c2901df5f9861788de0d597c8"

next-tick@1, next-tick@^1.1.0:
  version "1.1.0"
  resolved "https://registry.yarnpkg.com/next-tick/-/next-tick-1.1.0.tgz#1836ee30ad56d67ef281b22bd199f709449b35eb"

next-tick@~1.0.0:
  version "1.0.0"
  resolved "https://registry.yarnpkg.com/next-tick/-/next-tick-1.0.0.tgz#ca86d1fe8828169b0120208e3dc8424b9db8342c"

node-fetch@^2.6.7:
  version "2.6.7"
  resolved "https://registry.yarnpkg.com/node-fetch/-/node-fetch-2.6.7.tgz#24de9fba827e3b4ae44dc8b20256a379160052ad"
  dependencies:
    whatwg-url "^5.0.0"

node-gyp-build@^4.3.0:
  version "4.3.0"
  resolved "https://registry.yarnpkg.com/node-gyp-build/-/node-gyp-build-4.3.0.tgz#9f256b03e5826150be39c764bf51e993946d71a3"

once@^1.3.0:
  version "1.4.0"
  resolved "https://registry.yarnpkg.com/once/-/once-1.4.0.tgz#583b1aa775961d4b113ac17d9c50baef9dd76bd1"
  dependencies:
    wrappy "1"

path-is-absolute@^1.0.0:
  version "1.0.1"
  resolved "https://registry.yarnpkg.com/path-is-absolute/-/path-is-absolute-1.0.1.tgz#174b9268735534ffbc7ace6bf53a5a9e1b5c5f5f"

path-parse@^1.0.7:
  version "1.0.7"
  resolved "https://registry.yarnpkg.com/path-parse/-/path-parse-1.0.7.tgz#fbc114b60ca42b30d9daf5858e4bd68bbedb6735"

readable-stream@^3.6.0:
  version "3.6.0"
  resolved "https://registry.yarnpkg.com/readable-stream/-/readable-stream-3.6.0.tgz#337bbda3adc0706bd3e024426a286d4b4b2c9198"
  dependencies:
    inherits "^2.0.3"
    string_decoder "^1.1.1"
    util-deprecate "^1.0.1"

rechoir@^0.6.2:
  version "0.6.2"
  resolved "https://registry.yarnpkg.com/rechoir/-/rechoir-0.6.2.tgz#85204b54dba82d5742e28c96756ef43af50e3384"
  dependencies:
    resolve "^1.1.6"

regenerator-runtime@^0.13.4:
  version "0.13.9"
  resolved "https://registry.yarnpkg.com/regenerator-runtime/-/regenerator-runtime-0.13.9.tgz#8925742a98ffd90814988d7566ad30ca3b263b52"

resolve@^1.1.6:
  version "1.22.0"
  resolved "https://registry.yarnpkg.com/resolve/-/resolve-1.22.0.tgz#5e0b8c67c15df57a89bdbabe603a002f21731198"
  dependencies:
    is-core-module "^2.8.1"
    path-parse "^1.0.7"
    supports-preserve-symlinks-flag "^1.0.0"

ripemd160@^2.0.1:
  version "2.0.2"
  resolved "https://registry.yarnpkg.com/ripemd160/-/ripemd160-2.0.2.tgz#a1c1a6f624751577ba5d07914cbc92850585890c"
  dependencies:
    hash-base "^3.0.0"
    inherits "^2.0.1"

rxjs@^7.2.0, rxjs@^7.4.0:
  version "7.5.2"
  resolved "https://registry.yarnpkg.com/rxjs/-/rxjs-7.5.2.tgz#11e4a3a1dfad85dbf7fb6e33cbba17668497490b"
  dependencies:
    tslib "^2.1.0"

safe-buffer@^5.0.1, safe-buffer@^5.1.2, safe-buffer@^5.2.0, safe-buffer@~5.2.0:
  version "5.2.1"
  resolved "https://registry.yarnpkg.com/safe-buffer/-/safe-buffer-5.2.1.tgz#1eaf9fa9bdb1fdd4ec75f58f9cdb4e6b7827eec6"

scryptsy@^2.1.0:
  version "2.1.0"
  resolved "https://registry.yarnpkg.com/scryptsy/-/scryptsy-2.1.0.tgz#8d1e8d0c025b58fdd25b6fa9a0dc905ee8faa790"

sha.js@^2.4.0:
  version "2.4.11"
  resolved "https://registry.yarnpkg.com/sha.js/-/sha.js-2.4.11.tgz#37a5cf0b81ecbc6943de109ba2960d1b26584ae7"
  dependencies:
    inherits "^2.0.1"
    safe-buffer "^5.0.1"

shelljs@^0.8.5:
  version "0.8.5"
  resolved "https://registry.yarnpkg.com/shelljs/-/shelljs-0.8.5.tgz#de055408d8361bed66c669d2f000538ced8ee20c"
  dependencies:
    glob "^7.0.0"
    interpret "^1.0.0"
    rechoir "^0.6.2"

string_decoder@^1.1.1:
  version "1.3.0"
  resolved "https://registry.yarnpkg.com/string_decoder/-/string_decoder-1.3.0.tgz#42f114594a46cf1a8e30b0a84f56c78c3edac21e"
  dependencies:
    safe-buffer "~5.2.0"

supports-preserve-symlinks-flag@^1.0.0:
  version "1.0.0"
  resolved "https://registry.yarnpkg.com/supports-preserve-symlinks-flag/-/supports-preserve-symlinks-flag-1.0.0.tgz#6eda4bd344a3c94aea376d4cc31bc77311039e09"

timers-ext@^0.1.7:
  version "0.1.7"
  resolved "https://registry.yarnpkg.com/timers-ext/-/timers-ext-0.1.7.tgz#6f57ad8578e07a3fb9f91d9387d65647555e25c6"
  dependencies:
    es5-ext "~0.10.46"
    next-tick "1"

tr46@~0.0.3:
  version "0.0.3"
  resolved "https://registry.yarnpkg.com/tr46/-/tr46-0.0.3.tgz#8184fd347dac9cdc185992f3a6622e14b9d9ab6a"

ts-node@^10.2.1:
  version "10.4.0"
  resolved "https://registry.yarnpkg.com/ts-node/-/ts-node-10.4.0.tgz#680f88945885f4e6cf450e7f0d6223dd404895f7"
  dependencies:
    "@cspotcode/source-map-support" "0.7.0"
    "@tsconfig/node10" "^1.0.7"
    "@tsconfig/node12" "^1.0.7"
    "@tsconfig/node14" "^1.0.0"
    "@tsconfig/node16" "^1.0.2"
    acorn "^8.4.1"
    acorn-walk "^8.1.1"
    arg "^4.1.0"
    create-require "^1.1.0"
    diff "^4.0.1"
    make-error "^1.1.1"
    yn "3.1.1"

tslib@^2.1.0:
  version "2.3.1"
  resolved "https://registry.yarnpkg.com/tslib/-/tslib-2.3.1.tgz#e8a335add5ceae51aa261d32a490158ef042ef01"

tweetnacl@1.x.x, tweetnacl@^1.0.3:
  version "1.0.3"
  resolved "https://registry.yarnpkg.com/tweetnacl/-/tweetnacl-1.0.3.tgz#ac0af71680458d8a6378d0d0d050ab1407d35596"

type@^1.0.1:
  version "1.2.0"
  resolved "https://registry.yarnpkg.com/type/-/type-1.2.0.tgz#848dd7698dafa3e54a6c479e759c4bc3f18847a0"

type@^2.5.0:
  version "2.6.0"
  resolved "https://registry.yarnpkg.com/type/-/type-2.6.0.tgz#3ca6099af5981d36ca86b78442973694278a219f"

typedarray-to-buffer@^3.1.5:
  version "3.1.5"
  resolved "https://registry.yarnpkg.com/typedarray-to-buffer/-/typedarray-to-buffer-3.1.5.tgz#a97ee7a9ff42691b9f783ff1bc5112fe3fca9080"
  dependencies:
    is-typedarray "^1.0.0"

typescript@^4.4.3:
  version "4.5.5"
  resolved "https://registry.yarnpkg.com/typescript/-/typescript-4.5.5.tgz#d8c953832d28924a9e3d37c73d729c846c5896f3"

utf-8-validate@^5.0.2:
  version "5.0.8"
  resolved "https://registry.yarnpkg.com/utf-8-validate/-/utf-8-validate-5.0.8.tgz#4a735a61661dbb1c59a0868c397d2fe263f14e58"
  dependencies:
    node-gyp-build "^4.3.0"

util-deprecate@^1.0.1:
  version "1.0.2"
  resolved "https://registry.yarnpkg.com/util-deprecate/-/util-deprecate-1.0.2.tgz#450d4dc9fa70de732762fbd2d4a28981419a0ccf"

webidl-conversions@^3.0.0:
  version "3.0.1"
  resolved "https://registry.yarnpkg.com/webidl-conversions/-/webidl-conversions-3.0.1.tgz#24534275e2a7bc6be7bc86611cc16ae0a5654871"

websocket@^1.0.34:
  version "1.0.34"
  resolved "https://registry.yarnpkg.com/websocket/-/websocket-1.0.34.tgz#2bdc2602c08bf2c82253b730655c0ef7dcab3111"
  dependencies:
    bufferutil "^4.0.1"
    debug "^2.2.0"
    es5-ext "^0.10.50"
    typedarray-to-buffer "^3.1.5"
    utf-8-validate "^5.0.2"
    yaeti "^0.0.6"

whatwg-url@^5.0.0:
  version "5.0.0"
  resolved "https://registry.yarnpkg.com/whatwg-url/-/whatwg-url-5.0.0.tgz#966454e8765462e37644d3626f6742ce8b70965d"
  dependencies:
    tr46 "~0.0.3"
    webidl-conversions "^3.0.0"

wrappy@1:
  version "1.0.2"
  resolved "https://registry.yarnpkg.com/wrappy/-/wrappy-1.0.2.tgz#b5243d8f3ec1aa35f1364605bc0d1036e30ab69f"

xxhashjs@^0.2.2:
  version "0.2.2"
  resolved "https://registry.yarnpkg.com/xxhashjs/-/xxhashjs-0.2.2.tgz#8a6251567621a1c46a5ae204da0249c7f8caa9d8"
  dependencies:
    cuint "^0.2.2"

yaeti@^0.0.6:
  version "0.0.6"
  resolved "https://registry.yarnpkg.com/yaeti/-/yaeti-0.0.6.tgz#f26f484d72684cf42bedfb76970aa1608fbf9577"

yn@3.1.1:
  version "3.1.1"
  resolved "https://registry.yarnpkg.com/yn/-/yn-3.1.1.tgz#1e87401a09d767c1d5eab26a6e4c185182d2eb50"
